// !$*UTF8*$!
{
	archiveVersion = 1;
	classes = {
	};
	objectVersion = 50;
	objects = {

/* Begin PBXBuildFile section */
		DE92B17F256CE21C003F9882 /* AppDelegate.swift in Sources */ = {isa = PBXBuildFile; fileRef = DE92B17E256CE21C003F9882 /* AppDelegate.swift */; };
		DE92B181256CE21C003F9882 /* SceneDelegate.swift in Sources */ = {isa = PBXBuildFile; fileRef = DE92B180256CE21C003F9882 /* SceneDelegate.swift */; };
		DE92B183256CE21C003F9882 /* ViewController.swift in Sources */ = {isa = PBXBuildFile; fileRef = DE92B182256CE21C003F9882 /* ViewController.swift */; };
		DE92B186256CE21C003F9882 /* Main.storyboard in Resources */ = {isa = PBXBuildFile; fileRef = DE92B184256CE21C003F9882 /* Main.storyboard */; };
		DE92B188256CE21E003F9882 /* Assets.xcassets in Resources */ = {isa = PBXBuildFile; fileRef = DE92B187256CE21E003F9882 /* Assets.xcassets */; };
		DE92B18B256CE21E003F9882 /* LaunchScreen.storyboard in Resources */ = {isa = PBXBuildFile; fileRef = DE92B189256CE21E003F9882 /* LaunchScreen.storyboard */; };
		DE92B193256CE388003F9882 /* TableViewCell.swift in Sources */ = {isa = PBXBuildFile; fileRef = DE92B192256CE388003F9882 /* TableViewCell.swift */; };
/* End PBXBuildFile section */

/* Begin PBXFileReference section */
		DE92B17B256CE21C003F9882 /* Long Press Gesture Recognizer.app */ = {isa = PBXFileReference; explicitFileType = wrapper.application; includeInIndex = 0; path = "Long Press Gesture Recognizer.app"; sourceTree = BUILT_PRODUCTS_DIR; };
		DE92B17E256CE21C003F9882 /* AppDelegate.swift */ = {isa = PBXFileReference; lastKnownFileType = sourcecode.swift; path = AppDelegate.swift; sourceTree = "<group>"; };
		DE92B180256CE21C003F9882 /* SceneDelegate.swift */ = {isa = PBXFileReference; lastKnownFileType = sourcecode.swift; path = SceneDelegate.swift; sourceTree = "<group>"; };
		DE92B182256CE21C003F9882 /* ViewController.swift */ = {isa = PBXFileReference; lastKnownFileType = sourcecode.swift; path = ViewController.swift; sourceTree = "<group>"; };
		DE92B185256CE21C003F9882 /* Base */ = {isa = PBXFileReference; lastKnownFileType = file.storyboard; name = Base; path = Base.lproj/Main.storyboard; sourceTree = "<group>"; };
		DE92B187256CE21E003F9882 /* Assets.xcassets */ = {isa = PBXFileReference; lastKnownFileType = folder.assetcatalog; path = Assets.xcassets; sourceTree = "<group>"; };
		DE92B18A256CE21E003F9882 /* Base */ = {isa = PBXFileReference; lastKnownFileType = file.storyboard; name = Base; path = Base.lproj/LaunchScreen.storyboard; sourceTree = "<group>"; };
		DE92B18C256CE21E003F9882 /* Info.plist */ = {isa = PBXFileReference; lastKnownFileType = text.plist.xml; path = Info.plist; sourceTree = "<group>"; };
		DE92B192256CE388003F9882 /* TableViewCell.swift */ = {isa = PBXFileReference; lastKnownFileType = sourcecode.swift; path = TableViewCell.swift; sourceTree = "<group>"; };
/* End PBXFileReference section */

/* Begin PBXFrameworksBuildPhase section */
		DE92B178256CE21C003F9882 /* Frameworks */ = {
			isa = PBXFrameworksBuildPhase;
			buildActionMask = 2147483647;
			files = (
			);
			runOnlyForDeploymentPostprocessing = 0;
		};
/* End PBXFrameworksBuildPhase section */

/* Begin PBXGroup section */
		DE92B172256CE21C003F9882 = {
			isa = PBXGroup;
			children = (
				DE92B17D256CE21C003F9882 /* Long Press Gesture Recognizer */,
				DE92B17C256CE21C003F9882 /* Products */,
			);
			sourceTree = "<group>";
		};
		DE92B17C256CE21C003F9882 /* Products */ = {
			isa = PBXGroup;
			children = (
				DE92B17B256CE21C003F9882 /* Long Press Gesture Recognizer.app */,
			);
			name = Products;
			sourceTree = "<group>";
		};
		DE92B17D256CE21C003F9882 /* Long Press Gesture Recognizer */ = {
			isa = PBXGroup;
			children = (
				DE92B17E256CE21C003F9882 /* AppDelegate.swift */,
				DE92B180256CE21C003F9882 /* SceneDelegate.swift */,
				DE92B182256CE21C003F9882 /* ViewController.swift */,
				DE92B192256CE388003F9882 /* TableViewCell.swift */,
				DE92B184256CE21C003F9882 /* Main.storyboard */,
				DE92B187256CE21E003F9882 /* Assets.xcassets */,
				DE92B189256CE21E003F9882 /* LaunchScreen.storyboard */,
				DE92B18C256CE21E003F9882 /* Info.plist */,
			);
			path = "Long Press Gesture Recognizer";
			sourceTree = "<group>";
		};
/* End PBXGroup section */

/* Begin PBXNativeTarget section */
		DE92B17A256CE21C003F9882 /* Long Press Gesture Recognizer */ = {
			isa = PBXNativeTarget;
			buildConfigurationList = DE92B18F256CE21E003F9882 /* Build configuration list for PBXNativeTarget "Long Press Gesture Recognizer" */;
			buildPhases = (
				DE92B177256CE21C003F9882 /* Sources */,
				DE92B178256CE21C003F9882 /* Frameworks */,
				DE92B179256CE21C003F9882 /* Resources */,
			);
			buildRules = (
			);
			dependencies = (
			);
			name = "Long Press Gesture Recognizer";
			productName = "Long Press Gesture Recognizer";
			productReference = DE92B17B256CE21C003F9882 /* Long Press Gesture Recognizer.app */;
			productType = "com.apple.product-type.application";
		};
/* End PBXNativeTarget section */

/* Begin PBXProject section */
		DE92B173256CE21C003F9882 /* Project object */ = {
			isa = PBXProject;
			attributes = {
				LastSwiftUpdateCheck = 1110;
				LastUpgradeCheck = 1110;
				ORGANIZATIONNAME = "Adwait Barkale";
				TargetAttributes = {
					DE92B17A256CE21C003F9882 = {
						CreatedOnToolsVersion = 11.1;
					};
				};
			};
			buildConfigurationList = DE92B176256CE21C003F9882 /* Build configuration list for PBXProject "Long Press Gesture Recognizer" */;
			compatibilityVersion = "Xcode 9.3";
			developmentRegion = en;
			hasScannedForEncodings = 0;
			knownRegions = (
				en,
				Base,
			);
			mainGroup = DE92B172256CE21C003F9882;
			productRefGroup = DE92B17C256CE21C003F9882 /* Products */;
			projectDirPath = "";
			projectRoot = "";
			targets = (
				DE92B17A256CE21C003F9882 /* Long Press Gesture Recognizer */,
			);
		};
/* End PBXProject section */

/* Begin PBXResourcesBuildPhase section */
		DE92B179256CE21C003F9882 /* Resources */ = {
			isa = PBXResourcesBuildPhase;
			buildActionMask = 2147483647;
			files = (
				DE92B18B256CE21E003F9882 /* LaunchScreen.storyboard in Resources */,
				DE92B188256CE21E003F9882 /* Assets.xcassets in Resources */,
				DE92B186256CE21C003F9882 /* Main.storyboard in Resources */,
			);
			runOnlyForDeploymentPostprocessing = 0;
		};
/* End PBXResourcesBuildPhase section */

/* Begin PBXSourcesBuildPhase section */
		DE92B177256CE21C003F9882 /* Sources */ = {
			isa = PBXSourcesBuildPhase;
			buildActionMask = 2147483647;
			files = (
				DE92B183256CE21C003F9882 /* ViewController.swift in Sources */,
				DE92B193256CE388003F9882 /* TableViewCell.swift in Sources */,
				DE92B17F256CE21C003F9882 /* AppDelegate.swift in Sources */,
				DE92B181256CE21C003F9882 /* SceneDelegate.swift in Sources */,
			);
			runOnlyForDeploymentPostprocessing = 0;
		};
/* End PBXSourcesBuildPhase section */

/* Begin PBXVariantGroup section */
		DE92B184256CE21C003F9882 /* Main.storyboard */ = {
			isa = PBXVariantGroup;
			children = (
				DE92B185256CE21C003F9882 /* Base */,
			);
			name = Main.storyboard;
			sourceTree = "<group>";
		};
		DE92B189256CE21E003F9882 /* LaunchScreen.storyboard */ = {
			isa = PBXVariantGroup;
			children = (
				DE92B18A256CE21E003F9882 /* Base */,
			);
			name = LaunchScreen.storyboard;
			sourceTree = "<group>";
		};
/* End PBXVariantGroup section */

/* Begin XCBuildConfiguration section */
		DE92B18D256CE21E003F9882 /* Debug */ = {
			isa = XCBuildConfiguration;
			buildSettings = {
				ALWAYS_SEARCH_USER_PATHS = NO;
				CLANG_ANALYZER_NONNULL = YES;
				CLANG_ANALYZER_NUMBER_OBJECT_CONVERSION = YES_AGGRESSIVE;
				CLANG_CXX_LANGUAGE_STANDARD = "gnu++14";
				CLANG_CXX_LIBRARY = "libc++";
				CLANG_ENABLE_MODULES = YES;
				CLANG_ENABLE_OBJC_ARC = YES;
				CLANG_ENABLE_OBJC_WEAK = YES;
				CLANG_WARN_BLOCK_CAPTURE_AUTORELEASING = YES;
				CLANG_WARN_BOOL_CONVERSION = YES;
				CLANG_WARN_COMMA = YES;
				CLANG_WARN_CONSTANT_CONVERSION = YES;
				CLANG_WARN_DEPRECATED_OBJC_IMPLEMENTATIONS = YES;
				CLANG_WARN_DIRECT_OBJC_ISA_USAGE = YES_ERROR;
				CLANG_WARN_DOCUMENTATION_COMMENTS = YES;
				CLANG_WARN_EMPTY_BODY = YES;
				CLANG_WARN_ENUM_CONVERSION = YES;
				CLANG_WARN_INFINITE_RECURSION = YES;
				CLANG_WARN_INT_CONVERSION = YES;
				CLANG_WARN_NON_LITERAL_NULL_CONVERSION = YES;
				CLANG_WARN_OBJC_IMPLICIT_RETAIN_SELF = YES;
				CLANG_WARN_OBJC_LITERAL_CONVERSION = YES;
				CLANG_WARN_OBJC_ROOT_CLASS = YES_ERROR;
				CLANG_WARN_RANGE_LOOP_ANALYSIS = YES;
				CLANG_WARN_STRICT_PROTOTYPES = YES;
				CLANG_WARN_SUSPICIOUS_MOVE = YES;
				CLANG_WARN_UNGUARDED_AVAILABILITY = YES_AGGRESSIVE;
				CLANG_WARN_UNREACHABLE_CODE = YES;
				CLANG_WARN__DUPLICATE_METHOD_MATCH = YES;
				COPY_PHASE_STRIP = NO;
				DEBUG_INFORMATION_FORMAT = dwarf;
				ENABLE_STRICT_OBJC_MSGSEND = YES;
				ENABLE_TESTABILITY = YES;
				GCC_C_LANGUAGE_STANDARD = gnu11;
				GCC_DYNAMIC_NO_PIC = NO;
				GCC_NO_COMMON_BLOCKS = YES;
				GCC_OPTIMIZATION_LEVEL = 0;
				GCC_PREPROCESSOR_DEFINITIONS = (
					"DEBUG=1",
					"$(inherited)",
				);
				GCC_WARN_64_TO_32_BIT_CONVERSION = YES;
				GCC_WARN_ABOUT_RETURN_TYPE = YES_ERROR;
				GCC_WARN_UNDECLARED_SELECTOR = YES;
				GCC_WARN_UNINITIALIZED_AUTOS = YES_AGGRESSIVE;
				GCC_WARN_UNUSED_FUNCTION = YES;
				GCC_WARN_UNUSED_VARIABLE = YES;
				IPHONEOS_DEPLOYMENT_TARGET = 13.1;
				MTL_ENABLE_DEBUG_INFO = INCLUDE_SOURCE;
				MTL_FAST_MATH = YES;
				ONLY_ACTIVE_ARCH = YES;
				SDKROOT = iphoneos;
				SWIFT_ACTIVE_COMPILATION_CONDITIONS = DEBUG;
				SWIFT_OPTIMIZATION_LEVEL = "-Onone";
			};
			name = Debug;
		};
		DE92B18E256CE21E003F9882 /* Release */ = {
			isa = XCBuildConfiguration;
			buildSettings = {
				ALWAYS_SEARCH_USER_PATHS = NO;
				CLANG_ANALYZER_NONNULL = YES;
				CLANG_ANALYZER_NUMBER_OBJECT_CONVERSION = YES_AGGRESSIVE;
				CLANG_CXX_LANGUAGE_STANDARD = "gnu++14";
				CLANG_CXX_LIBRARY = "libc++";
				CLANG_ENABLE_MODULES = YES;
				CLANG_ENABLE_OBJC_ARC = YES;
				CLANG_ENABLE_OBJC_WEAK = YES;
				CLANG_WARN_BLOCK_CAPTURE_AUTORELEASING = YES;
				CLANG_WARN_BOOL_CONVERSION = YES;
				CLANG_WARN_COMMA = YES;
				CLANG_WARN_CONSTANT_CONVERSION = YES;
				CLANG_WARN_DEPRECATED_OBJC_IMPLEMENTATIONS = YES;
				CLANG_WARN_DIRECT_OBJC_ISA_USAGE = YES_ERROR;
				CLANG_WARN_DOCUMENTATION_COMMENTS = YES;
				CLANG_WARN_EMPTY_BODY = YES;
				CLANG_WARN_ENUM_CONVERSION = YES;
				CLANG_WARN_INFINITE_RECURSION = YES;
				CLANG_WARN_INT_CONVERSION = YES;
				CLANG_WARN_NON_LITERAL_NULL_CONVERSION = YES;
				CLANG_WARN_OBJC_IMPLICIT_RETAIN_SELF = YES;
				CLANG_WARN_OBJC_LITERAL_CONVERSION = YES;
				CLANG_WARN_OBJC_ROOT_CLASS = YES_ERROR;
				CLANG_WARN_RANGE_LOOP_ANALYSIS = YES;
				CLANG_WARN_STRICT_PROTOTYPES = YES;
				CLANG_WARN_SUSPICIOUS_MOVE = YES;
				CLANG_WARN_UNGUARDED_AVAILABILITY = YES_AGGRESSIVE;
				CLANG_WARN_UNREACHABLE_CODE = YES;
				CLANG_WARN__DUPLICATE_METHOD_MATCH = YES;
				COPY_PHASE_STRIP = NO;
				DEBUG_INFORMATION_FORMAT = "dwarf-with-dsym";
				ENABLE_NS_ASSERTIONS = NO;
				ENABLE_STRICT_OBJC_MSGSEND = YES;
				GCC_C_LANGUAGE_STANDARD = gnu11;
				GCC_NO_COMMON_BLOCKS = YES;
				GCC_WARN_64_TO_32_BIT_CONVERSION = YES;
				GCC_WARN_ABOUT_RETURN_TYPE = YES_ERROR;
				GCC_WARN_UNDECLARED_SELECTOR = YES;
				GCC_WARN_UNINITIALIZED_AUTOS = YES_AGGRESSIVE;
				GCC_WARN_UNUSED_FUNCTION = YES;
				GCC_WARN_UNUSED_VARIABLE = YES;
				IPHONEOS_DEPLOYMENT_TARGET = 13.1;
				MTL_ENABLE_DEBUG_INFO = NO;
				MTL_FAST_MATH = YES;
				SDKROOT = iphoneos;
				SWIFT_COMPILATION_MODE = wholemodule;
				SWIFT_OPTIMIZATION_LEVEL = "-O";
				VALIDATE_PRODUCT = YES;
			};
			name = Release;
		};
		DE92B190256CE21E003F9882 /* Debug */ = {
			isa = XCBuildConfiguration;
			buildSettings = {
				ASSETCATALOG_COMPILER_APPICON_NAME = AppIcon;
				CODE_SIGN_STYLE = Automatic;
				DEVELOPMENT_TEAM = S59B8CL687;
				INFOPLIST_FILE = "Long Press Gesture Recognizer/Info.plist";
				LD_RUNPATH_SEARCH_PATHS = (
					"$(inherited)",
					"@executable_path/Frameworks",
				);
				PRODUCT_BUNDLE_IDENTIFIER = "com.Adwait.Long-Press-Gesture-Recognizer";
				PRODUCT_NAME = "$(TARGET_NAME)";
				SWIFT_VERSION = 5.0;
				TARGETED_DEVICE_FAMILY = "1,2";
			};
			name = Debug;
		};
		DE92B191256CE21E003F9882 /* Release */ = {
			isa = XCBuildConfiguration;
			buildSettings = {
				ASSETCATALOG_COMPILER_APPICON_NAME = AppIcon;
				CODE_SIGN_STYLE = Automatic;
				DEVELOPMENT_TEAM = S59B8CL687;
				INFOPLIST_FILE = "Long Press Gesture Recognizer/Info.plist";
				LD_RUNPATH_SEARCH_PATHS = (
					"$(inherited)",
					"@executable_path/Frameworks",
				);
				PRODUCT_BUNDLE_IDENTIFIER = "com.Adwait.Long-Press-Gesture-Recognizer";
				PRODUCT_NAME = "$(TARGET_NAME)";
				SWIFT_VERSION = 5.0;
				TARGETED_DEVICE_FAMILY = "1,2";
			};
			name = Release;
		};
/* End XCBuildConfiguration section */

/* Begin XCConfigurationList section */
		DE92B176256CE21C003F9882 /* Build configuration list for PBXProject "Long Press Gesture Recognizer" */ = {
			isa = XCConfigurationList;
			buildConfigurations = (
				DE92B18D256CE21E003F9882 /* Debug */,
				DE92B18E256CE21E003F9882 /* Release */,
			);
			defaultConfigurationIsVisible = 0;
			defaultConfigurationName = Release;
		};
		DE92B18F256CE21E003F9882 /* Build configuration list for PBXNativeTarget "Long Press Gesture Recognizer" */ = {
			isa = XCConfigurationList;
			buildConfigurations = (
				DE92B190256CE21E003F9882 /* Debug */,
				DE92B191256CE21E003F9882 /* Release */,
			);
			defaultConfigurationIsVisible = 0;
			defaultConfigurationName = Release;
		};
/* End XCConfigurationList section */
	};
	rootObject = DE92B173256CE21C003F9882 /* Project object */;
}
